// !$*UTF8*$!
{
	archiveVersion = 1;
	classes = {
	};
	objectVersion = 46;
	objects = {

/* Begin PBXBuildFile section */
		046BCD8E1D24305F0031C0BC /* PhotoTakingHelper.swift in Sources */ = {isa = PBXBuildFile; fileRef = 046BCD8D1D24305F0031C0BC /* PhotoTakingHelper.swift */; };
		614D94AF1D23180000EA516F /* stickerImageView.swift in Sources */ = {isa = PBXBuildFile; fileRef = 614D94AE1D23180000EA516F /* stickerImageView.swift */; };
		619F82FB1D22F0730022E4AC /* AppDelegate.swift in Sources */ = {isa = PBXBuildFile; fileRef = 619F82FA1D22F0730022E4AC /* AppDelegate.swift */; };
		619F82FD1D22F0730022E4AC /* ViewController.swift in Sources */ = {isa = PBXBuildFile; fileRef = 619F82FC1D22F0730022E4AC /* ViewController.swift */; };
		619F83001D22F0730022E4AC /* Main.storyboard in Resources */ = {isa = PBXBuildFile; fileRef = 619F82FE1D22F0730022E4AC /* Main.storyboard */; };
		619F83021D22F0730022E4AC /* Assets.xcassets in Resources */ = {isa = PBXBuildFile; fileRef = 619F83011D22F0730022E4AC /* Assets.xcassets */; };
		619F83051D22F0730022E4AC /* LaunchScreen.storyboard in Resources */ = {isa = PBXBuildFile; fileRef = 619F83031D22F0730022E4AC /* LaunchScreen.storyboard */; };
/* End PBXBuildFile section */

/* Begin PBXFileReference section */
		046BCD8D1D24305F0031C0BC /* PhotoTakingHelper.swift */ = {isa = PBXFileReference; fileEncoding = 4; lastKnownFileType = sourcecode.swift; name = PhotoTakingHelper.swift; path = Helpers/PhotoTakingHelper.swift; sourceTree = "<group>"; };
		614D94AE1D23180000EA516F /* stickerImageView.swift */ = {isa = PBXFileReference; fileEncoding = 4; lastKnownFileType = sourcecode.swift; path = stickerImageView.swift; sourceTree = "<group>"; };
		619F82F71D22F0730022E4AC /* Sticker Photo App.app */ = {isa = PBXFileReference; explicitFileType = wrapper.application; includeInIndex = 0; path = "Sticker Photo App.app"; sourceTree = BUILT_PRODUCTS_DIR; };
		619F82FA1D22F0730022E4AC /* AppDelegate.swift */ = {isa = PBXFileReference; lastKnownFileType = sourcecode.swift; path = AppDelegate.swift; sourceTree = "<group>"; };
		619F82FC1D22F0730022E4AC /* ViewController.swift */ = {isa = PBXFileReference; lastKnownFileType = sourcecode.swift; path = ViewController.swift; sourceTree = "<group>"; };
		619F82FF1D22F0730022E4AC /* Base */ = {isa = PBXFileReference; lastKnownFileType = file.storyboard; name = Base; path = Base.lproj/Main.storyboard; sourceTree = "<group>"; };
		619F83011D22F0730022E4AC /* Assets.xcassets */ = {isa = PBXFileReference; lastKnownFileType = folder.assetcatalog; path = Assets.xcassets; sourceTree = "<group>"; };
		619F83041D22F0730022E4AC /* Base */ = {isa = PBXFileReference; lastKnownFileType = file.storyboard; name = Base; path = Base.lproj/LaunchScreen.storyboard; sourceTree = "<group>"; };
		619F83061D22F0730022E4AC /* Info.plist */ = {isa = PBXFileReference; lastKnownFileType = text.plist.xml; path = Info.plist; sourceTree = "<group>"; };
/* End PBXFileReference section */

/* Begin PBXFrameworksBuildPhase section */
		619F82F41D22F0730022E4AC /* Frameworks */ = {
			isa = PBXFrameworksBuildPhase;
			buildActionMask = 2147483647;
			files = (
			);
			runOnlyForDeploymentPostprocessing = 0;
		};
/* End PBXFrameworksBuildPhase section */

/* Begin PBXGroup section */
		046BCD8A1D242E3E0031C0BC /* Views */ = {
			isa = PBXGroup;
			children = (
				614D94AE1D23180000EA516F /* stickerImageView.swift */,
				619F82FE1D22F0730022E4AC /* Main.storyboard */,
				619F83031D22F0730022E4AC /* LaunchScreen.storyboard */,
			);
			name = Views;
			sourceTree = "<group>";
		};
		046BCD8B1D242F690031C0BC /* Controllers */ = {
			isa = PBXGroup;
			children = (
				619F82FA1D22F0730022E4AC /* AppDelegate.swift */,
				619F82FC1D22F0730022E4AC /* ViewController.swift */,
			);
			name = Controllers;
			sourceTree = "<group>";
		};
		046BCD8C1D2430080031C0BC /* Helpers */ = {
			isa = PBXGroup;
			children = (
				046BCD8D1D24305F0031C0BC /* PhotoTakingHelper.swift */,
			);
			name = Helpers;
			sourceTree = "<group>";
		};
		046BCD8F1D2432660031C0BC /* Models */ = {
			isa = PBXGroup;
			children = (
			);
			name = Models;
			sourceTree = "<group>";
		};
		619F82EE1D22F0720022E4AC = {
			isa = PBXGroup;
			children = (
				619F82F91D22F0730022E4AC /* Sticker Photo App */,
				619F82F81D22F0730022E4AC /* Products */,
			);
			sourceTree = "<group>";
		};
		619F82F81D22F0730022E4AC /* Products */ = {
			isa = PBXGroup;
			children = (
				619F82F71D22F0730022E4AC /* Sticker Photo App.app */,
			);
			name = Products;
			sourceTree = "<group>";
		};
		619F82F91D22F0730022E4AC /* Sticker Photo App */ = {
			isa = PBXGroup;
			children = (
				046BCD8C1D2430080031C0BC /* Helpers */,
				046BCD8F1D2432660031C0BC /* Models */,
				046BCD8A1D242E3E0031C0BC /* Views */,
				046BCD8B1D242F690031C0BC /* Controllers */,
				619F83011D22F0730022E4AC /* Assets.xcassets */,
				619F83061D22F0730022E4AC /* Info.plist */,
			);
			path = "Sticker Photo App";
			sourceTree = "<group>";
		};
/* End PBXGroup section */

/* Begin PBXNativeTarget section */
		619F82F61D22F0730022E4AC /* Sticker Photo App */ = {
			isa = PBXNativeTarget;
			buildConfigurationList = 619F83091D22F0730022E4AC /* Build configuration list for PBXNativeTarget "Sticker Photo App" */;
			buildPhases = (
				619F82F31D22F0730022E4AC /* Sources */,
				619F82F41D22F0730022E4AC /* Frameworks */,
				619F82F51D22F0730022E4AC /* Resources */,
			);
			buildRules = (
			);
			dependencies = (
			);
			name = "Sticker Photo App";
			productName = "Sticker Photo App";
			productReference = 619F82F71D22F0730022E4AC /* Sticker Photo App.app */;
			productType = "com.apple.product-type.application";
		};
/* End PBXNativeTarget section */

/* Begin PBXProject section */
		619F82EF1D22F0720022E4AC /* Project object */ = {
			isa = PBXProject;
			attributes = {
				LastSwiftUpdateCheck = 0730;
				LastUpgradeCheck = 0730;
				ORGANIZATIONNAME = "Make School";
				TargetAttributes = {
					619F82F61D22F0730022E4AC = {
						CreatedOnToolsVersion = 7.3.1;
					};
				};
			};
			buildConfigurationList = 619F82F21D22F0720022E4AC /* Build configuration list for PBXProject "Sticker Photo App" */;
			compatibilityVersion = "Xcode 3.2";
			developmentRegion = English;
			hasScannedForEncodings = 0;
			knownRegions = (
				en,
				Base,
			);
			mainGroup = 619F82EE1D22F0720022E4AC;
			productRefGroup = 619F82F81D22F0730022E4AC /* Products */;
			projectDirPath = "";
			projectRoot = "";
			targets = (
				619F82F61D22F0730022E4AC /* Sticker Photo App */,
			);
		};
/* End PBXProject section */

/* Begin PBXResourcesBuildPhase section */
		619F82F51D22F0730022E4AC /* Resources */ = {
			isa = PBXResourcesBuildPhase;
			buildActionMask = 2147483647;
			files = (
				619F83051D22F0730022E4AC /* LaunchScreen.storyboard in Resources */,
				619F83021D22F0730022E4AC /* Assets.xcassets in Resources */,
				619F83001D22F0730022E4AC /* Main.storyboard in Resources */,
			);
			runOnlyForDeploymentPostprocessing = 0;
		};
/* End PBXResourcesBuildPhase section */

/* Begin PBXSourcesBuildPhase section */
		619F82F31D22F0730022E4AC /* Sources */ = {
			isa = PBXSourcesBuildPhase;
			buildActionMask = 2147483647;
			files = (
				614D94AF1D23180000EA516F /* stickerImageView.swift in Sources */,
				619F82FD1D22F0730022E4AC /* ViewController.swift in Sources */,
				046BCD8E1D24305F0031C0BC /* PhotoTakingHelper.swift in Sources */,
				619F82FB1D22F0730022E4AC /* AppDelegate.swift in Sources */,
			);
			runOnlyForDeploymentPostprocessing = 0;
		};
/* End PBXSourcesBuildPhase section */

/* Begin PBXVariantGroup section */
		619F82FE1D22F0730022E4AC /* Main.storyboard */ = {
			isa = PBXVariantGroup;
			children = (
				619F82FF1D22F0730022E4AC /* Base */,
			);
			name = Main.storyboard;
			sourceTree = "<group>";
		};
		619F83031D22F0730022E4AC /* LaunchScreen.storyboard */ = {
			isa = PBXVariantGroup;
			children = (
				619F83041D22F0730022E4AC /* Base */,
			);
			name = LaunchScreen.storyboard;
			sourceTree = "<group>";
		};
/* End PBXVariantGroup section */

/* Begin XCBuildConfiguration section */
		619F83071D22F0730022E4AC /* Debug */ = {
			isa = XCBuildConfiguration;
			buildSettings = {
				ALWAYS_SEARCH_USER_PATHS = NO;
				CLANG_ANALYZER_NONNULL = YES;
				CLANG_CXX_LANGUAGE_STANDARD = "gnu++0x";
				CLANG_CXX_LIBRARY = "libc++";
				CLANG_ENABLE_MODULES = YES;
				CLANG_ENABLE_OBJC_ARC = YES;
				CLANG_WARN_BOOL_CONVERSION = YES;
				CLANG_WARN_CONSTANT_CONVERSION = YES;
				CLANG_WARN_DIRECT_OBJC_ISA_USAGE = YES_ERROR;
				CLANG_WARN_EMPTY_BODY = YES;
				CLANG_WARN_ENUM_CONVERSION = YES;
				CLANG_WARN_INT_CONVERSION = YES;
				CLANG_WARN_OBJC_ROOT_CLASS = YES_ERROR;
				CLANG_WARN_UNREACHABLE_CODE = YES;
				CLANG_WARN__DUPLICATE_METHOD_MATCH = YES;
				"CODE_SIGN_IDENTITY[sdk=iphoneos*]" = "iPhone Developer";
				COPY_PHASE_STRIP = NO;
				DEBUG_INFORMATION_FORMAT = dwarf;
				ENABLE_STRICT_OBJC_MSGSEND = YES;
				ENABLE_TESTABILITY = YES;
				GCC_C_LANGUAGE_STANDARD = gnu99;
				GCC_DYNAMIC_NO_PIC = NO;
				GCC_NO_COMMON_BLOCKS = YES;
				GCC_OPTIMIZATION_LEVEL = 0;
				GCC_PREPROCESSOR_DEFINITIONS = (
					"DEBUG=1",
					"$(inherited)",
				);
				GCC_WARN_64_TO_32_BIT_CONVERSION = YES;
				GCC_WARN_ABOUT_RETURN_TYPE = YES_ERROR;
				GCC_WARN_UNDECLARED_SELECTOR = YES;
				GCC_WARN_UNINITIALIZED_AUTOS = YES_AGGRESSIVE;
				GCC_WARN_UNUSED_FUNCTION = YES;
				GCC_WARN_UNUSED_VARIABLE = YES;
				IPHONEOS_DEPLOYMENT_TARGET = 9.3;
				MTL_ENABLE_DEBUG_INFO = YES;
				ONLY_ACTIVE_ARCH = YES;
				SDKROOT = iphoneos;
				SWIFT_OPTIMIZATION_LEVEL = "-Onone";
				TARGETED_DEVICE_FAMILY = "1,2";
			};
			name = Debug;
		};
		619F83081D22F0730022E4AC /* Release */ = {
			isa = XCBuildConfiguration;
			buildSettings = {
				ALWAYS_SEARCH_USER_PATHS = NO;
				CLANG_ANALYZER_NONNULL = YES;
				CLANG_CXX_LANGUAGE_STANDARD = "gnu++0x";
				CLANG_CXX_LIBRARY = "libc++";
				CLANG_ENABLE_MODULES = YES;
				CLANG_ENABLE_OBJC_ARC = YES;
				CLANG_WARN_BOOL_CONVERSION = YES;
				CLANG_WARN_CONSTANT_CONVERSION = YES;
				CLANG_WARN_DIRECT_OBJC_ISA_USAGE = YES_ERROR;
				CLANG_WARN_EMPTY_BODY = YES;
				CLANG_WARN_ENUM_CONVERSION = YES;
				CLANG_WARN_INT_CONVERSION = YES;
				CLANG_WARN_OBJC_ROOT_CLASS = YES_ERROR;
				CLANG_WARN_UNREACHABLE_CODE = YES;
				CLANG_WARN__DUPLICATE_METHOD_MATCH = YES;
				"CODE_SIGN_IDENTITY[sdk=iphoneos*]" = "iPhone Developer";
				COPY_PHASE_STRIP = NO;
				DEBUG_INFORMATION_FORMAT = "dwarf-with-dsym";
				ENABLE_NS_ASSERTIONS = NO;
				ENABLE_STRICT_OBJC_MSGSEND = YES;
				GCC_C_LANGUAGE_STANDARD = gnu99;
				GCC_NO_COMMON_BLOCKS = YES;
				GCC_WARN_64_TO_32_BIT_CONVERSION = YES;
				GCC_WARN_ABOUT_RETURN_TYPE = YES_ERROR;
				GCC_WARN_UNDECLARED_SELECTOR = YES;
				GCC_WARN_UNINITIALIZED_AUTOS = YES_AGGRESSIVE;
				GCC_WARN_UNUSED_FUNCTION = YES;
				GCC_WARN_UNUSED_VARIABLE = YES;
				IPHONEOS_DEPLOYMENT_TARGET = 9.3;
				MTL_ENABLE_DEBUG_INFO = NO;
				SDKROOT = iphoneos;
				TARGETED_DEVICE_FAMILY = "1,2";
				VALIDATE_PRODUCT = YES;
			};
			name = Release;
		};
		619F830A1D22F0730022E4AC /* Debug */ = {
			isa = XCBuildConfiguration;
			buildSettings = {
				ASSETCATALOG_COMPILER_APPICON_NAME = AppIcon;
				INFOPLIST_FILE = "Sticker Photo App/Info.plist";
				LD_RUNPATH_SEARCH_PATHS = "$(inherited) @executable_path/Frameworks";
				PRODUCT_BUNDLE_IDENTIFIER = "com.makeschool.Sticker-Photo-App";
				PRODUCT_NAME = "$(TARGET_NAME)";
			};
			name = Debug;
		};
		619F830B1D22F0730022E4AC /* Release */ = {
			isa = XCBuildConfiguration;
			buildSettings = {
				ASSETCATALOG_COMPILER_APPICON_NAME = AppIcon;
				INFOPLIST_FILE = "Sticker Photo App/Info.plist";
				LD_RUNPATH_SEARCH_PATHS = "$(inherited) @executable_path/Frameworks";
				PRODUCT_BUNDLE_IDENTIFIER = "com.makeschool.Sticker-Photo-App";
				PRODUCT_NAME = "$(TARGET_NAME)";
			};
			name = Release;
		};
/* End XCBuildConfiguration section */

/* Begin XCConfigurationList section */
		619F82F21D22F0720022E4AC /* Build configuration list for PBXProject "Sticker Photo App" */ = {
			isa = XCConfigurationList;
			buildConfigurations = (
				619F83071D22F0730022E4AC /* Debug */,
				619F83081D22F0730022E4AC /* Release */,
			);
			defaultConfigurationIsVisible = 0;
			defaultConfigurationName = Release;
		};
		619F83091D22F0730022E4AC /* Build configuration list for PBXNativeTarget "Sticker Photo App" */ = {
			isa = XCConfigurationList;
			buildConfigurations = (
				619F830A1D22F0730022E4AC /* Debug */,
				619F830B1D22F0730022E4AC /* Release */,
			);
			defaultConfigurationIsVisible = 0;
			defaultConfigurationName = Release;
		};
/* End XCConfigurationList section */
	};
	rootObject = 619F82EF1D22F0720022E4AC /* Project object */;
}
